
Microsoft Visual Studio Solution File, Format Version 12.00
# Visual Studio 2017
Project("{FAE04EC0-301F-11D3-BF4B-00C04F79EFBC}") = "TollRateBillboard", "TollRateBillboard.csproj", "{BABD78C6-D2E1-49C4-B588-D3C94C61912D}"
EndProject
Global
	GlobalSection(SolutionConfigurationPlatforms) = preSolution
		Debug|Any CPU = Debug|Any CPU
		Release|Any CPU = Release|Any CPU
	EndGlobalSection
	GlobalSection(ProjectConfigurationPlatforms) = postSolution
		{BABD78C6-D2E1-49C4-B588-D3C94C61912D}.Debug|Any CPU.ActiveCfg = Debug|Any CPU
		{BABD78C6-D2E1-49C4-B588-D3C94C61912D}.Debug|Any CPU.Build.0 = Debug|Any CPU
		{BABD78C6-D2E1-49C4-B588-D3C94C61912D}.Release|Any CPU.ActiveCfg = Release|Any CPU
		{BABD78C6-D2E1-49C4-B588-D3C94C61912D}.Release|Any CPU.Build.0 = Release|Any CPU
	EndGlobalSection
EndGlobal
